// !$*UTF8*$!
{
	archiveVersion = 1;
	classes = {
	};
	objectVersion = 46;
	objects = {

/* Begin PBXBuildFile section */
		12FE8E8E1BC20E1900407D9D /* AppDelegate.swift in Sources */ = {isa = PBXBuildFile; fileRef = 12FE8E8D1BC20E1900407D9D /* AppDelegate.swift */; };
		12FE8E931BC20E1900407D9D /* Main.storyboard in Resources */ = {isa = PBXBuildFile; fileRef = 12FE8E911BC20E1900407D9D /* Main.storyboard */; };
		12FE8E951BC20E1900407D9D /* Assets.xcassets in Resources */ = {isa = PBXBuildFile; fileRef = 12FE8E941BC20E1900407D9D /* Assets.xcassets */; };
		12FE8E981BC20E1900407D9D /* LaunchScreen.storyboard in Resources */ = {isa = PBXBuildFile; fileRef = 12FE8E961BC20E1900407D9D /* LaunchScreen.storyboard */; };
		12FE8EA01BC20E2700407D9D /* ListaTenis.plist in Resources */ = {isa = PBXBuildFile; fileRef = 12FE8E9F1BC20E2700407D9D /* ListaTenis.plist */; settings = {ASSET_TAGS = (); }; };
		12FE8EA21BC20E6800407D9D /* TenisTableViewController.swift in Sources */ = {isa = PBXBuildFile; fileRef = 12FE8EA11BC20E6800407D9D /* TenisTableViewController.swift */; settings = {ASSET_TAGS = (); }; };
/* End PBXBuildFile section */

/* Begin PBXFileReference section */
		12FE8E8A1BC20E1900407D9D /* ListagemTenis.app */ = {isa = PBXFileReference; explicitFileType = wrapper.application; includeInIndex = 0; path = ListagemTenis.app; sourceTree = BUILT_PRODUCTS_DIR; };
		12FE8E8D1BC20E1900407D9D /* AppDelegate.swift */ = {isa = PBXFileReference; lastKnownFileType = sourcecode.swift; path = AppDelegate.swift; sourceTree = "<group>"; };
		12FE8E921BC20E1900407D9D /* Base */ = {isa = PBXFileReference; lastKnownFileType = file.storyboard; name = Base; path = Base.lproj/Main.storyboard; sourceTree = "<group>"; };
		12FE8E941BC20E1900407D9D /* Assets.xcassets */ = {isa = PBXFileReference; lastKnownFileType = folder.assetcatalog; path = Assets.xcassets; sourceTree = "<group>"; };
		12FE8E971BC20E1900407D9D /* Base */ = {isa = PBXFileReference; lastKnownFileType = file.storyboard; name = Base; path = Base.lproj/LaunchScreen.storyboard; sourceTree = "<group>"; };
		12FE8E991BC20E1900407D9D /* Info.plist */ = {isa = PBXFileReference; lastKnownFileType = text.plist.xml; path = Info.plist; sourceTree = "<group>"; };
		12FE8E9F1BC20E2700407D9D /* ListaTenis.plist */ = {isa = PBXFileReference; fileEncoding = 4; lastKnownFileType = text.plist.xml; path = ListaTenis.plist; sourceTree = "<group>"; };
		12FE8EA11BC20E6800407D9D /* TenisTableViewController.swift */ = {isa = PBXFileReference; fileEncoding = 4; lastKnownFileType = sourcecode.swift; path = TenisTableViewController.swift; sourceTree = "<group>"; };
/* End PBXFileReference section */

/* Begin PBXFrameworksBuildPhase section */
		12FE8E871BC20E1900407D9D /* Frameworks */ = {
			isa = PBXFrameworksBuildPhase;
			buildActionMask = 2147483647;
			files = (
			);
			runOnlyForDeploymentPostprocessing = 0;
		};
/* End PBXFrameworksBuildPhase section */

/* Begin PBXGroup section */
		12FE8E811BC20E1900407D9D = {
			isa = PBXGroup;
			children = (
				12FE8E8C1BC20E1900407D9D /* ListagemTenis */,
				12FE8E8B1BC20E1900407D9D /* Products */,
			);
			sourceTree = "<group>";
		};
		12FE8E8B1BC20E1900407D9D /* Products */ = {
			isa = PBXGroup;
			children = (
				12FE8E8A1BC20E1900407D9D /* ListagemTenis.app */,
			);
			name = Products;
			sourceTree = "<group>";
		};
		12FE8E8C1BC20E1900407D9D /* ListagemTenis */ = {
			isa = PBXGroup;
			children = (
				12FE8E8D1BC20E1900407D9D /* AppDelegate.swift */,
				12FE8EA11BC20E6800407D9D /* TenisTableViewController.swift */,
				12FE8E911BC20E1900407D9D /* Main.storyboard */,
				12FE8E9F1BC20E2700407D9D /* ListaTenis.plist */,
				12FE8E941BC20E1900407D9D /* Assets.xcassets */,
				12FE8E961BC20E1900407D9D /* LaunchScreen.storyboard */,
				12FE8E991BC20E1900407D9D /* Info.plist */,
			);
			path = ListagemTenis;
			sourceTree = "<group>";
		};
/* End PBXGroup section */

/* Begin PBXNativeTarget section */
		12FE8E891BC20E1900407D9D /* ListagemTenis */ = {
			isa = PBXNativeTarget;
			buildConfigurationList = 12FE8E9C1BC20E1900407D9D /* Build configuration list for PBXNativeTarget "ListagemTenis" */;
			buildPhases = (
				12FE8E861BC20E1900407D9D /* Sources */,
				12FE8E871BC20E1900407D9D /* Frameworks */,
				12FE8E881BC20E1900407D9D /* Resources */,
			);
			buildRules = (
			);
			dependencies = (
			);
			name = ListagemTenis;
			productName = ListagemTenis;
			productReference = 12FE8E8A1BC20E1900407D9D /* ListagemTenis.app */;
			productType = "com.apple.product-type.application";
		};
/* End PBXNativeTarget section */

/* Begin PBXProject section */
		12FE8E821BC20E1900407D9D /* Project object */ = {
			isa = PBXProject;
			attributes = {
				LastUpgradeCheck = 0700;
				ORGANIZATIONNAME = Flameworks;
				TargetAttributes = {
					12FE8E891BC20E1900407D9D = {
						CreatedOnToolsVersion = 7.0.1;
					};
				};
			};
			buildConfigurationList = 12FE8E851BC20E1900407D9D /* Build configuration list for PBXProject "ListagemTenis" */;
			compatibilityVersion = "Xcode 3.2";
			developmentRegion = English;
			hasScannedForEncodings = 0;
			knownRegions = (
				en,
				Base,
			);
			mainGroup = 12FE8E811BC20E1900407D9D;
			productRefGroup = 12FE8E8B1BC20E1900407D9D /* Products */;
			projectDirPath = "";
			projectRoot = "";
			targets = (
				12FE8E891BC20E1900407D9D /* ListagemTenis */,
			);
		};
/* End PBXProject section */

/* Begin PBXResourcesBuildPhase section */
		12FE8E881BC20E1900407D9D /* Resources */ = {
			isa = PBXResourcesBuildPhase;
			buildActionMask = 2147483647;
			files = (
				12FE8E981BC20E1900407D9D /* LaunchScreen.storyboard in Resources */,
				12FE8EA01BC20E2700407D9D /* ListaTenis.plist in Resources */,
				12FE8E951BC20E1900407D9D /* Assets.xcassets in Resources */,
				12FE8E931BC20E1900407D9D /* Main.storyboard in Resources */,
			);
			runOnlyForDeploymentPostprocessing = 0;
		};
/* End PBXResourcesBuildPhase section */

/* Begin PBXSourcesBuildPhase section */
		12FE8E861BC20E1900407D9D /* Sources */ = {
			isa = PBXSourcesBuildPhase;
			buildActionMask = 2147483647;
			files = (
				12FE8E8E1BC20E1900407D9D /* AppDelegate.swift in Sources */,
				12FE8EA21BC20E6800407D9D /* TenisTableViewController.swift in Sources */,
			);
			runOnlyForDeploymentPostprocessing = 0;
		};
/* End PBXSourcesBuildPhase section */

/* Begin PBXVariantGroup section */
		12FE8E911BC20E1900407D9D /* Main.storyboard */ = {
			isa = PBXVariantGroup;
			children = (
				12FE8E921BC20E1900407D9D /* Base */,
			);
			name = Main.storyboard;
			sourceTree = "<group>";
		};
		12FE8E961BC20E1900407D9D /* LaunchScreen.storyboard */ = {
			isa = PBXVariantGroup;
			children = (
				12FE8E971BC20E1900407D9D /* Base */,
			);
			name = LaunchScreen.storyboard;
			sourceTree = "<group>";
		};
/* End PBXVariantGroup section */

/* Begin XCBuildConfiguration section */
		12FE8E9A1BC20E1900407D9D /* Debug */ = {
			isa = XCBuildConfiguration;
			buildSettings = {
				ALWAYS_SEARCH_USER_PATHS = NO;
				CLANG_CXX_LANGUAGE_STANDARD = "gnu++0x";
				CLANG_CXX_LIBRARY = "libc++";
				CLANG_ENABLE_MODULES = YES;
				CLANG_ENABLE_OBJC_ARC = YES;
				CLANG_WARN_BOOL_CONVERSION = YES;
				CLANG_WARN_CONSTANT_CONVERSION = YES;
				CLANG_WARN_DIRECT_OBJC_ISA_USAGE = YES_ERROR;
				CLANG_WARN_EMPTY_BODY = YES;
				CLANG_WARN_ENUM_CONVERSION = YES;
				CLANG_WARN_INT_CONVERSION = YES;
				CLANG_WARN_OBJC_ROOT_CLASS = YES_ERROR;
				CLANG_WARN_UNREACHABLE_CODE = YES;
				CLANG_WARN__DUPLICATE_METHOD_MATCH = YES;
				"CODE_SIGN_IDENTITY[sdk=iphoneos*]" = "iPhone Developer";
				COPY_PHASE_STRIP = NO;
				DEBUG_INFORMATION_FORMAT = dwarf;
				ENABLE_STRICT_OBJC_MSGSEND = YES;
				ENABLE_TESTABILITY = YES;
				GCC_C_LANGUAGE_STANDARD = gnu99;
				GCC_DYNAMIC_NO_PIC = NO;
				GCC_NO_COMMON_BLOCKS = YES;
				GCC_OPTIMIZATION_LEVEL = 0;
				GCC_PREPROCESSOR_DEFINITIONS = (
					"DEBUG=1",
					"$(inherited)",
				);
				GCC_WARN_64_TO_32_BIT_CONVERSION = YES;
				GCC_WARN_ABOUT_RETURN_TYPE = YES_ERROR;
				GCC_WARN_UNDECLARED_SELECTOR = YES;
				GCC_WARN_UNINITIALIZED_AUTOS = YES_AGGRESSIVE;
				GCC_WARN_UNUSED_FUNCTION = YES;
				GCC_WARN_UNUSED_VARIABLE = YES;
				IPHONEOS_DEPLOYMENT_TARGET = 9.0;
				MTL_ENABLE_DEBUG_INFO = YES;
				ONLY_ACTIVE_ARCH = YES;
				SDKROOT = iphoneos;
				SWIFT_OPTIMIZATION_LEVEL = "-Onone";
			};
			name = Debug;
		};
		12FE8E9B1BC20E1900407D9D /* Release */ = {
			isa = XCBuildConfiguration;
			buildSettings = {
				ALWAYS_SEARCH_USER_PATHS = NO;
				CLANG_CXX_LANGUAGE_STANDARD = "gnu++0x";
				CLANG_CXX_LIBRARY = "libc++";
				CLANG_ENABLE_MODULES = YES;
				CLANG_ENABLE_OBJC_ARC = YES;
				CLANG_WARN_BOOL_CONVERSION = YES;
				CLANG_WARN_CONSTANT_CONVERSION = YES;
				CLANG_WARN_DIRECT_OBJC_ISA_USAGE = YES_ERROR;
				CLANG_WARN_EMPTY_BODY = YES;
				CLANG_WARN_ENUM_CONVERSION = YES;
				CLANG_WARN_INT_CONVERSION = YES;
				CLANG_WARN_OBJC_ROOT_CLASS = YES_ERROR;
				CLANG_WARN_UNREACHABLE_CODE = YES;
				CLANG_WARN__DUPLICATE_METHOD_MATCH = YES;
				"CODE_SIGN_IDENTITY[sdk=iphoneos*]" = "iPhone Developer";
				COPY_PHASE_STRIP = NO;
				DEBUG_INFORMATION_FORMAT = "dwarf-with-dsym";
				ENABLE_NS_ASSERTIONS = NO;
				ENABLE_STRICT_OBJC_MSGSEND = YES;
				GCC_C_LANGUAGE_STANDARD = gnu99;
				GCC_NO_COMMON_BLOCKS = YES;
				GCC_WARN_64_TO_32_BIT_CONVERSION = YES;
				GCC_WARN_ABOUT_RETURN_TYPE = YES_ERROR;
				GCC_WARN_UNDECLARED_SELECTOR = YES;
				GCC_WARN_UNINITIALIZED_AUTOS = YES_AGGRESSIVE;
				GCC_WARN_UNUSED_FUNCTION = YES;
				GCC_WARN_UNUSED_VARIABLE = YES;
				IPHONEOS_DEPLOYMENT_TARGET = 9.0;
				MTL_ENABLE_DEBUG_INFO = NO;
				SDKROOT = iphoneos;
				VALIDATE_PRODUCT = YES;
			};
			name = Release;
		};
		12FE8E9D1BC20E1900407D9D /* Debug */ = {
			isa = XCBuildConfiguration;
			buildSettings = {
				ASSETCATALOG_COMPILER_APPICON_NAME = AppIcon;
				INFOPLIST_FILE = ListagemTenis/Info.plist;
				LD_RUNPATH_SEARCH_PATHS = "$(inherited) @executable_path/Frameworks";
				PRODUCT_BUNDLE_IDENTIFIER = br.com.flameworks.ListagemTenis;
				PRODUCT_NAME = "$(TARGET_NAME)";
			};
			name = Debug;
		};
		12FE8E9E1BC20E1900407D9D /* Release */ = {
			isa = XCBuildConfiguration;
			buildSettings = {
				ASSETCATALOG_COMPILER_APPICON_NAME = AppIcon;
				INFOPLIST_FILE = ListagemTenis/Info.plist;
				LD_RUNPATH_SEARCH_PATHS = "$(inherited) @executable_path/Frameworks";
				PRODUCT_BUNDLE_IDENTIFIER = br.com.flameworks.ListagemTenis;
				PRODUCT_NAME = "$(TARGET_NAME)";
			};
			name = Release;
		};
/* End XCBuildConfiguration section */

/* Begin XCConfigurationList section */
		12FE8E851BC20E1900407D9D /* Build configuration list for PBXProject "ListagemTenis" */ = {
			isa = XCConfigurationList;
			buildConfigurations = (
				12FE8E9A1BC20E1900407D9D /* Debug */,
				12FE8E9B1BC20E1900407D9D /* Release */,
			);
			defaultConfigurationIsVisible = 0;
			defaultConfigurationName = Release;
		};
		12FE8E9C1BC20E1900407D9D /* Build configuration list for PBXNativeTarget "ListagemTenis" */ = {
			isa = XCConfigurationList;
			buildConfigurations = (
				12FE8E9D1BC20E1900407D9D /* Debug */,
				12FE8E9E1BC20E1900407D9D /* Release */,
			);
			defaultConfigurationIsVisible = 0;
		};
/* End XCConfigurationList section */
	};
	rootObject = 12FE8E821BC20E1900407D9D /* Project object */;
}
